
Microsoft Visual Studio Solution File, Format Version 12.00
# Visual Studio Version 17
VisualStudioVersion = 17.3.32714.290
MinimumVisualStudioVersion = 10.0.40219.1
Project("{FAE04EC0-301F-11D3-BF4B-00C04F79EFBC}") = "FunctionApp5", "FunctionApp5\FunctionApp5.csproj", "{796DF59E-C2EE-436A-AA89-FCF7FBFDCFA3}"
EndProject
Global
	GlobalSection(SolutionConfigurationPlatforms) = preSolution
		Debug|Any CPU = Debug|Any CPU
		Release|Any CPU = Release|Any CPU
	EndGlobalSection
	GlobalSection(ProjectConfigurationPlatforms) = postSolution
		{796DF59E-C2EE-436A-AA89-FCF7FBFDCFA3}.Debug|Any CPU.ActiveCfg = Debug|Any CPU
		{796DF59E-C2EE-436A-AA89-FCF7FBFDCFA3}.Debug|Any CPU.Build.0 = Debug|Any CPU
		{796DF59E-C2EE-436A-AA89-FCF7FBFDCFA3}.Release|Any CPU.ActiveCfg = Release|Any CPU
		{796DF59E-C2EE-436A-AA89-FCF7FBFDCFA3}.Release|Any CPU.Build.0 = Release|Any CPU
	EndGlobalSection
	GlobalSection(SolutionProperties) = preSolution
		HideSolutionNode = FALSE
	EndGlobalSection
	GlobalSection(ExtensibilityGlobals) = postSolution
		SolutionGuid = {7CE1D978-F610-409C-885F-F994283094C0}
	EndGlobalSection
EndGlobal
